
Microsoft Visual Studio Solution File, Format Version 12.00
# Visual Studio Version 16
VisualStudioVersion = 16.0.31313.79
MinimumVisualStudioVersion = 10.0.40219.1
Project("{9A19103F-16F7-4668-BE54-9A1E7A4F7556}") = "Tp.UI", "Tp.UI\Tp.UI.csproj", "{9CAB624F-46AF-4761-BB51-7DE9F8D69564}"
EndProject
Project("{9A19103F-16F7-4668-BE54-9A1E7A4F7556}") = "Tp.Tests", "TP.Tests\Tp.Tests.csproj", "{3A2A180C-B69C-443F-B730-C8825E26B34A}"
EndProject
Project("{9A19103F-16F7-4668-BE54-9A1E7A4F7556}") = "Tp.Game", "TP.Game\Tp.Game.csproj", "{220C9ABD-1EDF-4101-9E9F-C2112FB11D73}"
EndProject
Project("{9A19103F-16F7-4668-BE54-9A1E7A4F7556}") = "Tp.Models", "Tp.Models\Tp.Models.csproj", "{72B29B9E-4F49-4A38-91BE-8BF6602D1669}"
EndProject
Global
	GlobalSection(SolutionConfigurationPlatforms) = preSolution
		Debug|Any CPU = Debug|Any CPU
		Release|Any CPU = Release|Any CPU
	EndGlobalSection
	GlobalSection(ProjectConfigurationPlatforms) = postSolution
		{9CAB624F-46AF-4761-BB51-7DE9F8D69564}.Debug|Any CPU.ActiveCfg = Debug|Any CPU
		{9CAB624F-46AF-4761-BB51-7DE9F8D69564}.Debug|Any CPU.Build.0 = Debug|Any CPU
		{9CAB624F-46AF-4761-BB51-7DE9F8D69564}.Release|Any CPU.ActiveCfg = Release|Any CPU
		{9CAB624F-46AF-4761-BB51-7DE9F8D69564}.Release|Any CPU.Build.0 = Release|Any CPU
		{3A2A180C-B69C-443F-B730-C8825E26B34A}.Debug|Any CPU.ActiveCfg = Debug|Any CPU
		{3A2A180C-B69C-443F-B730-C8825E26B34A}.Debug|Any CPU.Build.0 = Debug|Any CPU
		{3A2A180C-B69C-443F-B730-C8825E26B34A}.Release|Any CPU.ActiveCfg = Release|Any CPU
		{3A2A180C-B69C-443F-B730-C8825E26B34A}.Release|Any CPU.Build.0 = Release|Any CPU
		{220C9ABD-1EDF-4101-9E9F-C2112FB11D73}.Debug|Any CPU.ActiveCfg = Debug|Any CPU
		{220C9ABD-1EDF-4101-9E9F-C2112FB11D73}.Debug|Any CPU.Build.0 = Debug|Any CPU
		{220C9ABD-1EDF-4101-9E9F-C2112FB11D73}.Release|Any CPU.ActiveCfg = Release|Any CPU
		{220C9ABD-1EDF-4101-9E9F-C2112FB11D73}.Release|Any CPU.Build.0 = Release|Any CPU
		{72B29B9E-4F49-4A38-91BE-8BF6602D1669}.Debug|Any CPU.ActiveCfg = Debug|Any CPU
		{72B29B9E-4F49-4A38-91BE-8BF6602D1669}.Debug|Any CPU.Build.0 = Debug|Any CPU
		{72B29B9E-4F49-4A38-91BE-8BF6602D1669}.Release|Any CPU.ActiveCfg = Release|Any CPU
		{72B29B9E-4F49-4A38-91BE-8BF6602D1669}.Release|Any CPU.Build.0 = Release|Any CPU
	EndGlobalSection
	GlobalSection(SolutionProperties) = preSolution
		HideSolutionNode = FALSE
	EndGlobalSection
	GlobalSection(ExtensibilityGlobals) = postSolution
		SolutionGuid = {4A4A3FFE-76C0-45BC-80BC-904B4C6366F3}
	EndGlobalSection
EndGlobal
